
Microsoft Visual Studio Solution File, Format Version 12.00
# Visual Studio Version 16
VisualStudioVersion = 16.0.30104.148
MinimumVisualStudioVersion = 10.0.40219.1
Project("{FAE04EC0-301F-11D3-BF4B-00C04F79EFBC}") = "MainForm", "MainForm\MainForm.csproj", "{1B2DC0F4-7AB0-4259-BBC4-EA38FEBD51EA}"
EndProject
Project("{FAE04EC0-301F-11D3-BF4B-00C04F79EFBC}") = "Function", "Function\Function.csproj", "{67D272CD-ED3E-41B3-96D3-A9F2FA133F01}"
EndProject
Project("{FAE04EC0-301F-11D3-BF4B-00C04F79EFBC}") = "FunctionPaintForm", "PaintForm\FunctionPaintForm.csproj", "{F7C824AF-0C98-4BD9-B9E3-35A59AE618A1}"
EndProject
Project("{FAE04EC0-301F-11D3-BF4B-00C04F79EFBC}") = "FunctionTests", "FunctionFunctionTests\FunctionTests.csproj", "{7AF6B26A-C741-4CFC-86EB-0F886B97CB31}"
EndProject
Project("{FAE04EC0-301F-11D3-BF4B-00C04F79EFBC}") = "Deriv_Interg_Form", "Deriv_Interg_Form\Deriv_Interg_Form.csproj", "{FF50AEE9-2BB2-4E91-A925-2BA3A90F1CFF}"
EndProject
Global
	GlobalSection(SolutionConfigurationPlatforms) = preSolution
		Debug|Any CPU = Debug|Any CPU
		Release|Any CPU = Release|Any CPU
	EndGlobalSection
	GlobalSection(ProjectConfigurationPlatforms) = postSolution
		{1B2DC0F4-7AB0-4259-BBC4-EA38FEBD51EA}.Debug|Any CPU.ActiveCfg = Debug|Any CPU
		{1B2DC0F4-7AB0-4259-BBC4-EA38FEBD51EA}.Debug|Any CPU.Build.0 = Debug|Any CPU
		{1B2DC0F4-7AB0-4259-BBC4-EA38FEBD51EA}.Release|Any CPU.ActiveCfg = Release|Any CPU
		{1B2DC0F4-7AB0-4259-BBC4-EA38FEBD51EA}.Release|Any CPU.Build.0 = Release|Any CPU
		{67D272CD-ED3E-41B3-96D3-A9F2FA133F01}.Debug|Any CPU.ActiveCfg = Debug|Any CPU
		{67D272CD-ED3E-41B3-96D3-A9F2FA133F01}.Debug|Any CPU.Build.0 = Debug|Any CPU
		{67D272CD-ED3E-41B3-96D3-A9F2FA133F01}.Release|Any CPU.ActiveCfg = Release|Any CPU
		{67D272CD-ED3E-41B3-96D3-A9F2FA133F01}.Release|Any CPU.Build.0 = Release|Any CPU
		{F7C824AF-0C98-4BD9-B9E3-35A59AE618A1}.Debug|Any CPU.ActiveCfg = Debug|Any CPU
		{F7C824AF-0C98-4BD9-B9E3-35A59AE618A1}.Debug|Any CPU.Build.0 = Debug|Any CPU
		{F7C824AF-0C98-4BD9-B9E3-35A59AE618A1}.Release|Any CPU.ActiveCfg = Release|Any CPU
		{F7C824AF-0C98-4BD9-B9E3-35A59AE618A1}.Release|Any CPU.Build.0 = Release|Any CPU
		{7AF6B26A-C741-4CFC-86EB-0F886B97CB31}.Debug|Any CPU.ActiveCfg = Debug|Any CPU
		{7AF6B26A-C741-4CFC-86EB-0F886B97CB31}.Debug|Any CPU.Build.0 = Debug|Any CPU
		{7AF6B26A-C741-4CFC-86EB-0F886B97CB31}.Release|Any CPU.ActiveCfg = Release|Any CPU
		{7AF6B26A-C741-4CFC-86EB-0F886B97CB31}.Release|Any CPU.Build.0 = Release|Any CPU
		{FF50AEE9-2BB2-4E91-A925-2BA3A90F1CFF}.Debug|Any CPU.ActiveCfg = Debug|Any CPU
		{FF50AEE9-2BB2-4E91-A925-2BA3A90F1CFF}.Debug|Any CPU.Build.0 = Debug|Any CPU
		{FF50AEE9-2BB2-4E91-A925-2BA3A90F1CFF}.Release|Any CPU.ActiveCfg = Release|Any CPU
		{FF50AEE9-2BB2-4E91-A925-2BA3A90F1CFF}.Release|Any CPU.Build.0 = Release|Any CPU
	EndGlobalSection
	GlobalSection(SolutionProperties) = preSolution
		HideSolutionNode = FALSE
	EndGlobalSection
	GlobalSection(ExtensibilityGlobals) = postSolution
		SolutionGuid = {B7E790A4-5BE7-4228-AC8D-D2BC5363207F}
	EndGlobalSection
EndGlobal
