
Microsoft Visual Studio Solution File, Format Version 12.00
# Visual Studio 15
VisualStudioVersion = 15.0.28010.2026
MinimumVisualStudioVersion = 10.0.40219.1
Project("{FAE04EC0-301F-11D3-BF4B-00C04F79EFBC}") = "UnitConversion", "UnitConversion\UnitConversion.csproj", "{30778710-9DF3-4105-97B2-9896161C58A8}"
EndProject
Global
	GlobalSection(SolutionConfigurationPlatforms) = preSolution
		Debug|Any CPU = Debug|Any CPU
		Release|Any CPU = Release|Any CPU
	EndGlobalSection
	GlobalSection(ProjectConfigurationPlatforms) = postSolution
		{30778710-9DF3-4105-97B2-9896161C58A8}.Debug|Any CPU.ActiveCfg = Debug|Any CPU
		{30778710-9DF3-4105-97B2-9896161C58A8}.Debug|Any CPU.Build.0 = Debug|Any CPU
		{30778710-9DF3-4105-97B2-9896161C58A8}.Release|Any CPU.ActiveCfg = Release|Any CPU
		{30778710-9DF3-4105-97B2-9896161C58A8}.Release|Any CPU.Build.0 = Release|Any CPU
	EndGlobalSection
	GlobalSection(SolutionProperties) = preSolution
		HideSolutionNode = FALSE
	EndGlobalSection
	GlobalSection(ExtensibilityGlobals) = postSolution
		SolutionGuid = {77F67887-4364-4094-8480-6E7FFC9DED8B}
	EndGlobalSection
EndGlobal
